<?xml version="1.0" encoding="utf-8"?>
<Project ToolsVersion="4.0" xmlns="http://schemas.microsoft.com/developer/msbuild/2003">
  <ItemGroup>
    <Filter Include="tests">
      <UniqueIdentifier>{fcd6a15d-2eaf-4ce0-9aa6-c7cf73169046}</UniqueIdentifier>
    </Filter>
  </ItemGroup>
  <ItemGroup>
    <ClCompile Include="..\..\multiformats\tests\multiaddr_tests.cpp">
      <Filter>tests</Filter>
    </ClCompile>
    <ClCompile Include="..\..\multiformats\tests\multibase_tests.cpp">
      <Filter>tests</Filter>
    </ClCompile>
    <ClCompile Include="..\..\multiformats\tests\test.cpp">
      <Filter>tests</Filter>
    </ClCompile>
    <ClCompile Include="..\..\multiformats\tests\varint_tests.cpp">
      <Filter>tests</Filter>
    </ClCompile>
    <ClCompile Include="..\..\multiformats\tests\multihash_tests.cpp">
      <Filter>tests</Filter>
    </ClCompile>
  </ItemGroup>
</Project>